
Microsoft Visual Studio Solution File, Format Version 12.00
# Visual Studio Version 17
VisualStudioVersion = 17.4.33403.182
MinimumVisualStudioVersion = 10.0.40219.1
Project("{2150E333-8FDC-42A3-9474-1A3956D46DE8}") = "src", "src", "{017E60C2-05B0-49B9-A5F9-6EDBF879054C}"
EndProject
Project("{2150E333-8FDC-42A3-9474-1A3956D46DE8}") = "00.Package", "00.Package", "{A9B90E0F-1CF3-42F3-966C-F2FC4E7CD08F}"
EndProject
Project("{2150E333-8FDC-42A3-9474-1A3956D46DE8}") = "01.Core", "01.Core", "{7B971A3E-FEA8-4312-AFAA-8EE987781E9A}"
EndProject
Project("{2150E333-8FDC-42A3-9474-1A3956D46DE8}") = "02.infrastracture", "02.infrastracture", "{D0604478-CAC0-4212-A836-4A8807D33D43}"
EndProject
Project("{2150E333-8FDC-42A3-9474-1A3956D46DE8}") = "03.Presentation", "03.Presentation", "{C7DAF02D-5778-4D47-B364-77AF79783131}"
EndProject
Project("{FAE04EC0-301F-11D3-BF4B-00C04F79EFBC}") = "Footsul.Entities", "Footsul.Entities\Footsul.Entities.csproj", "{38B5256B-01F0-4FD7-BFB5-6C483AD40CCC}"
EndProject
Project("{FAE04EC0-301F-11D3-BF4B-00C04F79EFBC}") = "Footsul.Services", "Footsul.Services\Footsul.Services.csproj", "{42152611-1493-43BB-AFFC-B82B97869806}"
EndProject
Project("{FAE04EC0-301F-11D3-BF4B-00C04F79EFBC}") = "Footsul.Infrastracture", "Footsul.Infrastracture\Footsul.Infrastracture.csproj", "{1F5189B7-F452-45A0-B06F-D6DD05D92CE4}"
EndProject
Project("{FAE04EC0-301F-11D3-BF4B-00C04F79EFBC}") = "Footsul.Migrations", "Footsul.Migrations\Footsul.Migrations.csproj", "{21817803-81B1-4AC1-8036-5F09147F4454}"
EndProject
Project("{FAE04EC0-301F-11D3-BF4B-00C04F79EFBC}") = "Footsul.Persistence.EF", "Footsul.Persistence.EF\Footsul.Persistence.EF.csproj", "{202D76F0-33D8-4CD0-A52A-66413082A259}"
EndProject
Project("{FAE04EC0-301F-11D3-BF4B-00C04F79EFBC}") = "Taav.Contracts", "Taav.Contracts\Taav.Contracts.csproj", "{20306730-23C5-4AB7-8750-5947BD44E301}"
EndProject
Project("{FAE04EC0-301F-11D3-BF4B-00C04F79EFBC}") = "Footsul.RestApi", "Footsul.RestApi\Footsul.RestApi.csproj", "{69236EAB-6806-4656-B028-7781B37E93D9}"
EndProject
Global
	GlobalSection(SolutionConfigurationPlatforms) = preSolution
		Debug|Any CPU = Debug|Any CPU
		Release|Any CPU = Release|Any CPU
	EndGlobalSection
	GlobalSection(ProjectConfigurationPlatforms) = postSolution
		{38B5256B-01F0-4FD7-BFB5-6C483AD40CCC}.Debug|Any CPU.ActiveCfg = Debug|Any CPU
		{38B5256B-01F0-4FD7-BFB5-6C483AD40CCC}.Debug|Any CPU.Build.0 = Debug|Any CPU
		{38B5256B-01F0-4FD7-BFB5-6C483AD40CCC}.Release|Any CPU.ActiveCfg = Release|Any CPU
		{38B5256B-01F0-4FD7-BFB5-6C483AD40CCC}.Release|Any CPU.Build.0 = Release|Any CPU
		{42152611-1493-43BB-AFFC-B82B97869806}.Debug|Any CPU.ActiveCfg = Debug|Any CPU
		{42152611-1493-43BB-AFFC-B82B97869806}.Debug|Any CPU.Build.0 = Debug|Any CPU
		{42152611-1493-43BB-AFFC-B82B97869806}.Release|Any CPU.ActiveCfg = Release|Any CPU
		{42152611-1493-43BB-AFFC-B82B97869806}.Release|Any CPU.Build.0 = Release|Any CPU
		{1F5189B7-F452-45A0-B06F-D6DD05D92CE4}.Debug|Any CPU.ActiveCfg = Debug|Any CPU
		{1F5189B7-F452-45A0-B06F-D6DD05D92CE4}.Debug|Any CPU.Build.0 = Debug|Any CPU
		{1F5189B7-F452-45A0-B06F-D6DD05D92CE4}.Release|Any CPU.ActiveCfg = Release|Any CPU
		{1F5189B7-F452-45A0-B06F-D6DD05D92CE4}.Release|Any CPU.Build.0 = Release|Any CPU
		{21817803-81B1-4AC1-8036-5F09147F4454}.Debug|Any CPU.ActiveCfg = Debug|Any CPU
		{21817803-81B1-4AC1-8036-5F09147F4454}.Debug|Any CPU.Build.0 = Debug|Any CPU
		{21817803-81B1-4AC1-8036-5F09147F4454}.Release|Any CPU.ActiveCfg = Release|Any CPU
		{21817803-81B1-4AC1-8036-5F09147F4454}.Release|Any CPU.Build.0 = Release|Any CPU
		{202D76F0-33D8-4CD0-A52A-66413082A259}.Debug|Any CPU.ActiveCfg = Debug|Any CPU
		{202D76F0-33D8-4CD0-A52A-66413082A259}.Debug|Any CPU.Build.0 = Debug|Any CPU
		{202D76F0-33D8-4CD0-A52A-66413082A259}.Release|Any CPU.ActiveCfg = Release|Any CPU
		{202D76F0-33D8-4CD0-A52A-66413082A259}.Release|Any CPU.Build.0 = Release|Any CPU
		{20306730-23C5-4AB7-8750-5947BD44E301}.Debug|Any CPU.ActiveCfg = Debug|Any CPU
		{20306730-23C5-4AB7-8750-5947BD44E301}.Debug|Any CPU.Build.0 = Debug|Any CPU
		{20306730-23C5-4AB7-8750-5947BD44E301}.Release|Any CPU.ActiveCfg = Release|Any CPU
		{20306730-23C5-4AB7-8750-5947BD44E301}.Release|Any CPU.Build.0 = Release|Any CPU
		{69236EAB-6806-4656-B028-7781B37E93D9}.Debug|Any CPU.ActiveCfg = Debug|Any CPU
		{69236EAB-6806-4656-B028-7781B37E93D9}.Debug|Any CPU.Build.0 = Debug|Any CPU
		{69236EAB-6806-4656-B028-7781B37E93D9}.Release|Any CPU.ActiveCfg = Release|Any CPU
		{69236EAB-6806-4656-B028-7781B37E93D9}.Release|Any CPU.Build.0 = Release|Any CPU
	EndGlobalSection
	GlobalSection(SolutionProperties) = preSolution
		HideSolutionNode = FALSE
	EndGlobalSection
	GlobalSection(NestedProjects) = preSolution
		{A9B90E0F-1CF3-42F3-966C-F2FC4E7CD08F} = {017E60C2-05B0-49B9-A5F9-6EDBF879054C}
		{7B971A3E-FEA8-4312-AFAA-8EE987781E9A} = {017E60C2-05B0-49B9-A5F9-6EDBF879054C}
		{D0604478-CAC0-4212-A836-4A8807D33D43} = {017E60C2-05B0-49B9-A5F9-6EDBF879054C}
		{C7DAF02D-5778-4D47-B364-77AF79783131} = {017E60C2-05B0-49B9-A5F9-6EDBF879054C}
		{38B5256B-01F0-4FD7-BFB5-6C483AD40CCC} = {7B971A3E-FEA8-4312-AFAA-8EE987781E9A}
		{42152611-1493-43BB-AFFC-B82B97869806} = {7B971A3E-FEA8-4312-AFAA-8EE987781E9A}
		{1F5189B7-F452-45A0-B06F-D6DD05D92CE4} = {D0604478-CAC0-4212-A836-4A8807D33D43}
		{21817803-81B1-4AC1-8036-5F09147F4454} = {D0604478-CAC0-4212-A836-4A8807D33D43}
		{202D76F0-33D8-4CD0-A52A-66413082A259} = {D0604478-CAC0-4212-A836-4A8807D33D43}
		{20306730-23C5-4AB7-8750-5947BD44E301} = {A9B90E0F-1CF3-42F3-966C-F2FC4E7CD08F}
		{69236EAB-6806-4656-B028-7781B37E93D9} = {C7DAF02D-5778-4D47-B364-77AF79783131}
	EndGlobalSection
	GlobalSection(ExtensibilityGlobals) = postSolution
		SolutionGuid = {F2DA7C14-E1BD-41F3-A5CC-7F8D77D0D611}
	EndGlobalSection
EndGlobal
